
Microsoft Visual Studio Solution File, Format Version 12.00
# Visual Studio Version 16
VisualStudioVersion = 16.0.31702.278
MinimumVisualStudioVersion = 10.0.40219.1
Project("{FAE04EC0-301F-11D3-BF4B-00C04F79EFBC}") = "WebApplication5", "WebApplication5\WebApplication5.csproj", "{4A2F4CB5-7BE8-471A-A1F0-69334380AABC}"
EndProject
Global
	GlobalSection(SolutionConfigurationPlatforms) = preSolution
		Debug|Any CPU = Debug|Any CPU
		Release|Any CPU = Release|Any CPU
	EndGlobalSection
	GlobalSection(ProjectConfigurationPlatforms) = postSolution
		{4A2F4CB5-7BE8-471A-A1F0-69334380AABC}.Debug|Any CPU.ActiveCfg = Debug|Any CPU
		{4A2F4CB5-7BE8-471A-A1F0-69334380AABC}.Debug|Any CPU.Build.0 = Debug|Any CPU
		{4A2F4CB5-7BE8-471A-A1F0-69334380AABC}.Release|Any CPU.ActiveCfg = Release|Any CPU
		{4A2F4CB5-7BE8-471A-A1F0-69334380AABC}.Release|Any CPU.Build.0 = Release|Any CPU
	EndGlobalSection
	GlobalSection(SolutionProperties) = preSolution
		HideSolutionNode = FALSE
	EndGlobalSection
	GlobalSection(ExtensibilityGlobals) = postSolution
		SolutionGuid = {87A551F6-6F1B-40A1-879C-8A61AD2A13D1}
	EndGlobalSection
EndGlobal
